
Microsoft Visual Studio Solution File, Format Version 12.00
# Visual Studio Version 17
VisualStudioVersion = 17.10.35027.167
MinimumVisualStudioVersion = 10.0.40219.1
Project("{FAE04EC0-301F-11D3-BF4B-00C04F79EFBC}") = "RabbitMQProducer", "RabbitMQProducer\RabbitMQProducer.csproj", "{E02B83A0-7328-4F3B-B440-EDCBBF7E7C69}"
EndProject
Project("{FAE04EC0-301F-11D3-BF4B-00C04F79EFBC}") = "RabbitMQConsumer", "RabbitMQConsumer\RabbitMQConsumer.csproj", "{C425D993-00A2-431A-877C-7C44EFAEF712}"
EndProject
Global
	GlobalSection(SolutionConfigurationPlatforms) = preSolution
		Debug|Any CPU = Debug|Any CPU
		Release|Any CPU = Release|Any CPU
	EndGlobalSection
	GlobalSection(ProjectConfigurationPlatforms) = postSolution
		{E02B83A0-7328-4F3B-B440-EDCBBF7E7C69}.Debug|Any CPU.ActiveCfg = Debug|Any CPU
		{E02B83A0-7328-4F3B-B440-EDCBBF7E7C69}.Debug|Any CPU.Build.0 = Debug|Any CPU
		{E02B83A0-7328-4F3B-B440-EDCBBF7E7C69}.Release|Any CPU.ActiveCfg = Release|Any CPU
		{E02B83A0-7328-4F3B-B440-EDCBBF7E7C69}.Release|Any CPU.Build.0 = Release|Any CPU
		{C425D993-00A2-431A-877C-7C44EFAEF712}.Debug|Any CPU.ActiveCfg = Debug|Any CPU
		{C425D993-00A2-431A-877C-7C44EFAEF712}.Debug|Any CPU.Build.0 = Debug|Any CPU
		{C425D993-00A2-431A-877C-7C44EFAEF712}.Release|Any CPU.ActiveCfg = Release|Any CPU
		{C425D993-00A2-431A-877C-7C44EFAEF712}.Release|Any CPU.Build.0 = Release|Any CPU
	EndGlobalSection
	GlobalSection(SolutionProperties) = preSolution
		HideSolutionNode = FALSE
	EndGlobalSection
	GlobalSection(ExtensibilityGlobals) = postSolution
		SolutionGuid = {FE583888-0238-4B4B-B02B-5855A6F5923C}
	EndGlobalSection
EndGlobal
